<?xml version="1.0" encoding="utf-8"?>
<Project xmlns="http://schemas.microsoft.com/developer/msbuild/2003">
  <ItemGroup>
    <Filter Include="Form Files">
      <UniqueIdentifier>{99349809-55BA-4b9d-BF79-8FDBB0286EB3}</UniqueIdentifier>
      <Extensions>ui</Extensions>
      <ParseFiles>false</ParseFiles>
    </Filter>
    <Filter Include="Form Files">
      <UniqueIdentifier>{99349809-55BA-4b9d-BF79-8FDBB0286EB3}</UniqueIdentifier>
      <Extensions>ui</Extensions>
      <ParseFiles>false</ParseFiles>
    </Filter>
    <Filter Include="Generated Files">
      <UniqueIdentifier>{71ED8ED8-ACB9-4CE9-BBE1-E00B30144E11}</UniqueIdentifier>
      <Extensions>cpp;c;cxx;moc;h;def;odl;idl;res;</Extensions>
    </Filter>
    <Filter Include="Generated Files">
      <UniqueIdentifier>{71ED8ED8-ACB9-4CE9-BBE1-E00B30144E11}</UniqueIdentifier>
      <Extensions>cpp;c;cxx;moc;h;def;odl;idl;res;</Extensions>
    </Filter>
    <Filter Include="Header Files">
      <UniqueIdentifier>{93995380-89BD-4b04-88EB-625FBE52EBFB}</UniqueIdentifier>
      <Extensions>h;hpp;hxx;hm;inl;inc;xsd</Extensions>
    </Filter>
    <Filter Include="Header Files">
      <UniqueIdentifier>{93995380-89BD-4b04-88EB-625FBE52EBFB}</UniqueIdentifier>
      <Extensions>h;hpp;hxx;hm;inl;inc;xsd</Extensions>
    </Filter>
    <Filter Include="Source Files">
      <UniqueIdentifier>{4FC737F1-C7A5-4376-A066-2A32D752A2FF}</UniqueIdentifier>
      <Extensions>cpp;c;cxx;def;odl;idl;hpj;bat;asm;asmx</Extensions>
    </Filter>
    <Filter Include="Source Files">
      <UniqueIdentifier>{4FC737F1-C7A5-4376-A066-2A32D752A2FF}</UniqueIdentifier>
      <Extensions>cpp;c;cxx;def;odl;idl;hpj;bat;asm;asmx</Extensions>
    </Filter>
    <Filter Include="Source Files\Midifile">
      <UniqueIdentifier>{863ef648-9c44-4bf0-90d8-1edef3ca4313}</UniqueIdentifier>
    </Filter>
    <Filter Include="Header Files\Midifile">
      <UniqueIdentifier>{b4722bab-6e3c-41b0-b095-8275d97d0470}</UniqueIdentifier>
    </Filter>
    <Filter Include="Resource Files">
      <UniqueIdentifier>{D9D6E242-F8AF-46E4-B9FD-80ECBC20BA3E}</UniqueIdentifier>
      <Extensions>qrc;*</Extensions>
      <ParseFiles>false</ParseFiles>
    </Filter>
  </ItemGroup>
  <ItemGroup>
    <ClCompile Include="main.cpp">
      <Filter>Source Files</Filter>
    </ClCompile>
    <ClCompile Include="src\qjmidi.cpp">
      <Filter>Source Files</Filter>
    </ClCompile>
    <ClCompile Include="lib\midifile\src\Binasc.cpp">
      <Filter>Source Files\Midifile</Filter>
    </ClCompile>
    <ClCompile Include="lib\midifile\src\MidiEvent.cpp">
      <Filter>Source Files\Midifile</Filter>
    </ClCompile>
    <ClCompile Include="lib\midifile\src\MidiEventList.cpp">
      <Filter>Source Files\Midifile</Filter>
    </ClCompile>
    <ClCompile Include="lib\midifile\src\MidiFile.cpp">
      <Filter>Source Files\Midifile</Filter>
    </ClCompile>
    <ClCompile Include="lib\midifile\src\MidiMessage.cpp">
      <Filter>Source Files\Midifile</Filter>
    </ClCompile>
    <ClCompile Include="src\sheet.cpp">
      <Filter>Generated Files</Filter>
    </ClCompile>
    <ClCompile Include="header\sheet.h">
      <Filter>Generated Files</Filter>
    </ClCompile>
    <ClCompile Include="src\track_tab_widget.cpp">
      <Filter>Generated Files</Filter>
    </ClCompile>
  </ItemGroup>
  <ItemGroup>
    <CustomBuild Include="debug\moc_predefs.h.cbt">
      <Filter>Generated Files</Filter>
    </CustomBuild>
    <CustomBuild Include="release\moc_predefs.h.cbt">
      <Filter>Generated Files</Filter>
    </CustomBuild>
  </ItemGroup>
  <ItemGroup>
    <QtMoc Include="header\qjmidi.h">
      <Filter>Header Files</Filter>
    </QtMoc>
    <QtMoc Include="header\track_tab_widget.h">
      <Filter>Generated Files</Filter>
    </QtMoc>
  </ItemGroup>
  <ItemGroup>
    <QtUic Include="ui\qjmidi.ui">
      <Filter>Form Files</Filter>
    </QtUic>
    <QtUic Include="ui\track_tab_widget.ui">
      <Filter>Form Files</Filter>
    </QtUic>
  </ItemGroup>
  <ItemGroup>
    <ClInclude Include="lib\midifile\include\MidiFile.h">
      <Filter>Header Files\Midifile</Filter>
    </ClInclude>
    <ClInclude Include="lib\midifile\include\MidiEventList.h">
      <Filter>Header Files\Midifile</Filter>
    </ClInclude>
    <ClInclude Include="lib\midifile\include\MidiEvent.h">
      <Filter>Header Files\Midifile</Filter>
    </ClInclude>
    <ClInclude Include="lib\midifile\include\Binasc.h">
      <Filter>Header Files\Midifile</Filter>
    </ClInclude>
    <ClInclude Include="lib\midifile\include\MidiMessage.h">
      <Filter>Header Files\Midifile</Filter>
    </ClInclude>
  </ItemGroup>
  <ItemGroup>
    <Image Include="ui\icons\quarter-note-512px.png">
      <Filter>Resource Files</Filter>
    </Image>
    <Image Include="ui\icons\quarter-note-rest-512px.png">
      <Filter>Resource Files</Filter>
    </Image>
  </ItemGroup>
  <ItemGroup>
    <QtRcc Include="ui\resources.qrc">
      <Filter>Resource Files</Filter>
    </QtRcc>
  </ItemGroup>
</Project>